<?xml version="1.0" encoding="utf-8"?>
<Project ToolsVersion="4.0" xmlns="http://schemas.microsoft.com/developer/msbuild/2003">
  <ItemGroup>
    <Filter Include="Source Files">
      <UniqueIdentifier>{59772f44-f603-4d3b-b69b-bae607cf99e3}</UniqueIdentifier>
    </Filter>
    <Filter Include="Header Files">
      <UniqueIdentifier>{ae8acdba-217a-42ed-bba7-18040f799234}</UniqueIdentifier>
    </Filter>
  </ItemGroup>
  <ItemGroup>
    <ClCompile Include="Module.cpp">
      <Filter>Source Files</Filter>
    </ClCompile>
    <ClCompile Include="Messenger.cpp">
      <Filter>Source Files</Filter>
    </ClCompile>
    <ClCompile Include="MessengerJsonRpc.cpp">
      <Filter>Source Files</Filter>
    </ClCompile>
    <ClCompile Include="RoomMaintainer.cpp">
      <Filter>Source Files</Filter>
    </ClCompile>
    <ClCompile Include="MessengerSecurity.cpp">
      <Filter>Source Files</Filter>
    </ClCompile>
  </ItemGroup>
  <ItemGroup>
    <ClInclude Include="Module.h">
      <Filter>Header Files</Filter>
    </ClInclude>
    <ClInclude Include="Messenger.h">
      <Filter>Header Files</Filter>
    </ClInclude>
    <ClInclude Include="RoomImpl.h">
      <Filter>Header Files</Filter>
    </ClInclude>
    <ClInclude Include="RoomMaintainer.h">
      <Filter>Header Files</Filter>
    </ClInclude>
  </ItemGroup>
</Project>